
Microsoft Visual Studio Solution File, Format Version 12.00
# Visual Studio Version 16
VisualStudioVersion = 16.0.32602.291
MinimumVisualStudioVersion = 10.0.40219.1
Project("{8BC9CEB8-8B4A-11D0-8D11-00A0C91BC942}") = "os_utils", "os_utils.vcxproj", "{630435D2-241E-46DF-A9A6-4C7628660BBF}"
EndProject
Global
	GlobalSection(SolutionConfigurationPlatforms) = preSolution
		Debug|x64 = Debug|x64
		Debug|x86 = Debug|x86
		Release|x64 = Release|x64
		Release|x86 = Release|x86
	EndGlobalSection
	GlobalSection(ProjectConfigurationPlatforms) = postSolution
		{630435D2-241E-46DF-A9A6-4C7628660BBF}.Debug|x64.ActiveCfg = Debug|x64
		{630435D2-241E-46DF-A9A6-4C7628660BBF}.Debug|x64.Build.0 = Debug|x64
		{630435D2-241E-46DF-A9A6-4C7628660BBF}.Debug|x86.ActiveCfg = Debug|Win32
		{630435D2-241E-46DF-A9A6-4C7628660BBF}.Debug|x86.Build.0 = Debug|Win32
		{630435D2-241E-46DF-A9A6-4C7628660BBF}.Release|x64.ActiveCfg = Release|x64
		{630435D2-241E-46DF-A9A6-4C7628660BBF}.Release|x64.Build.0 = Release|x64
		{630435D2-241E-46DF-A9A6-4C7628660BBF}.Release|x86.ActiveCfg = Release|Win32
		{630435D2-241E-46DF-A9A6-4C7628660BBF}.Release|x86.Build.0 = Release|Win32
	EndGlobalSection
	GlobalSection(SolutionProperties) = preSolution
		HideSolutionNode = FALSE
	EndGlobalSection
	GlobalSection(ExtensibilityGlobals) = postSolution
		SolutionGuid = {48097668-4403-4222-81B7-25CBA5FDD6B8}
	EndGlobalSection
EndGlobal
