
Microsoft Visual Studio Solution File, Format Version 12.00
# Visual Studio Version 16
VisualStudioVersion = 16.0.32602.291
MinimumVisualStudioVersion = 10.0.40219.1
Project("{8BC9CEB8-8B4A-11D0-8D11-00A0C91BC942}") = "os_utils", "os_utils.vcxproj", "{CDAF67CC-1F7E-4D30-8850-1DA3686DEB5C}"
EndProject
Global
	GlobalSection(SolutionConfigurationPlatforms) = preSolution
		Debug|x64 = Debug|x64
		Debug|x86 = Debug|x86
		Release|x64 = Release|x64
		Release|x86 = Release|x86
	EndGlobalSection
	GlobalSection(ProjectConfigurationPlatforms) = postSolution
		{CDAF67CC-1F7E-4D30-8850-1DA3686DEB5C}.Debug|x64.ActiveCfg = Debug|x64
		{CDAF67CC-1F7E-4D30-8850-1DA3686DEB5C}.Debug|x64.Build.0 = Debug|x64
		{CDAF67CC-1F7E-4D30-8850-1DA3686DEB5C}.Debug|x64.Deploy.0 = Debug|x64
		{CDAF67CC-1F7E-4D30-8850-1DA3686DEB5C}.Debug|x86.ActiveCfg = Debug|x86
		{CDAF67CC-1F7E-4D30-8850-1DA3686DEB5C}.Debug|x86.Build.0 = Debug|x86
		{CDAF67CC-1F7E-4D30-8850-1DA3686DEB5C}.Debug|x86.Deploy.0 = Debug|x86
		{CDAF67CC-1F7E-4D30-8850-1DA3686DEB5C}.Release|x64.ActiveCfg = Release|x64
		{CDAF67CC-1F7E-4D30-8850-1DA3686DEB5C}.Release|x64.Build.0 = Release|x64
		{CDAF67CC-1F7E-4D30-8850-1DA3686DEB5C}.Release|x64.Deploy.0 = Release|x64
		{CDAF67CC-1F7E-4D30-8850-1DA3686DEB5C}.Release|x86.ActiveCfg = Release|x86
		{CDAF67CC-1F7E-4D30-8850-1DA3686DEB5C}.Release|x86.Build.0 = Release|x86
		{CDAF67CC-1F7E-4D30-8850-1DA3686DEB5C}.Release|x86.Deploy.0 = Release|x86
	EndGlobalSection
	GlobalSection(SolutionProperties) = preSolution
		HideSolutionNode = FALSE
	EndGlobalSection
	GlobalSection(ExtensibilityGlobals) = postSolution
		SolutionGuid = {B2457001-5482-4C63-A1A1-FB45369B1193}
	EndGlobalSection
EndGlobal
