<?xml version="1.0" encoding="utf-8"?>
<Project ToolsVersion="4.0" xmlns="http://schemas.microsoft.com/developer/msbuild/2003">
  <ItemGroup>
    <Filter Include="src">
      <UniqueIdentifier>{d63dd212-a904-40b6-be9b-f5834d877861}</UniqueIdentifier>
    </Filter>
    <Filter Include="include">
      <UniqueIdentifier>{60db283f-a810-47ad-887f-f7e7da728e69}</UniqueIdentifier>
    </Filter>
  </ItemGroup>
  <ItemGroup>
    <ClCompile Include="..\..\src\os_directory.cpp">
      <Filter>src</Filter>
    </ClCompile>
    <ClCompile Include="..\..\src\os_time.cpp">
      <Filter>src</Filter>
    </ClCompile>
    <ClCompile Include="..\..\src\os_utils.cpp">
      <Filter>src</Filter>
    </ClCompile>
  </ItemGroup>
  <ItemGroup>
    <ClInclude Include="..\..\include\os_directory.h">
      <Filter>include</Filter>
    </ClInclude>
    <ClInclude Include="..\..\include\os_time.h">
      <Filter>include</Filter>
    </ClInclude>
    <ClInclude Include="..\..\include\os_utils.h">
      <Filter>include</Filter>
    </ClInclude>
  </ItemGroup>
</Project>